
Microsoft Visual Studio Solution File, Format Version 11.00
# Visual Studio 2010
Project("{F184B08F-C81C-45F6-A57F-5ABD9991F28F}") = "Auditing", "Auditing.vbproj", "{487740DA-E9CE-4A7F-BB67-C8F55E16A28B}"
EndProject
Project("{F184B08F-C81C-45F6-A57F-5ABD9991F28F}") = "UserAccessAuditing", "UserAccessAuditing.vbproj", "{67D68A4B-7F85-4ED5-8467-564C4DCE56D4}"
EndProject
Global
	GlobalSection(SolutionConfigurationPlatforms) = preSolution
		Debug|Any CPU = Debug|Any CPU
		Release|Any CPU = Release|Any CPU
	EndGlobalSection
	GlobalSection(ProjectConfigurationPlatforms) = postSolution
		{487740DA-E9CE-4A7F-BB67-C8F55E16A28B}.Debug|Any CPU.ActiveCfg = Debug|Any CPU
		{487740DA-E9CE-4A7F-BB67-C8F55E16A28B}.Debug|Any CPU.Build.0 = Debug|Any CPU
		{487740DA-E9CE-4A7F-BB67-C8F55E16A28B}.Release|Any CPU.ActiveCfg = Release|Any CPU
		{487740DA-E9CE-4A7F-BB67-C8F55E16A28B}.Release|Any CPU.Build.0 = Release|Any CPU
		{67D68A4B-7F85-4ED5-8467-564C4DCE56D4}.Debug|Any CPU.ActiveCfg = Debug|Any CPU
		{67D68A4B-7F85-4ED5-8467-564C4DCE56D4}.Debug|Any CPU.Build.0 = Debug|Any CPU
		{67D68A4B-7F85-4ED5-8467-564C4DCE56D4}.Release|Any CPU.ActiveCfg = Release|Any CPU
		{67D68A4B-7F85-4ED5-8467-564C4DCE56D4}.Release|Any CPU.Build.0 = Release|Any CPU
	EndGlobalSection
	GlobalSection(SolutionProperties) = preSolution
		HideSolutionNode = FALSE
	EndGlobalSection
EndGlobal
